# This file is automatically @generated by Cargo.
# It is not intended for manual editing.
version = 4

[[package]]
name = "aios-adapter"
version = "0.1.0"

[[package]]
name = "aios-agent"
version = "0.1.0"

[[package]]
name = "aios-cli"
version = "0.1.0"

[[package]]
name = "aios-core"
version = "0.1.0"

[[package]]
name = "aios-kernel"
version = "0.1.0"

[[package]]
name = "aios-spec"
version = "0.1.0"
